
Microsoft Visual Studio Solution File, Format Version 12.00
# Visual Studio Version 17
VisualStudioVersion = 17.5.002.0
MinimumVisualStudioVersion = 10.0.40219.1
Project("{9A19103F-16F7-4668-BE54-9A1E7A4F7556}") = "Assignment1", "Assignment1.csproj", "{7B2DC4DE-CF8A-4307-B176-0F641628687C}"
EndProject
Global
	GlobalSection(SolutionConfigurationPlatforms) = preSolution
		Debug|Any CPU = Debug|Any CPU
		Release|Any CPU = Release|Any CPU
	EndGlobalSection
	GlobalSection(ProjectConfigurationPlatforms) = postSolution
		{7B2DC4DE-CF8A-4307-B176-0F641628687C}.Debug|Any CPU.ActiveCfg = Debug|Any CPU
		{7B2DC4DE-CF8A-4307-B176-0F641628687C}.Debug|Any CPU.Build.0 = Debug|Any CPU
		{7B2DC4DE-CF8A-4307-B176-0F641628687C}.Release|Any CPU.ActiveCfg = Release|Any CPU
		{7B2DC4DE-CF8A-4307-B176-0F641628687C}.Release|Any CPU.Build.0 = Release|Any CPU
	EndGlobalSection
	GlobalSection(SolutionProperties) = preSolution
		HideSolutionNode = FALSE
	EndGlobalSection
	GlobalSection(ExtensibilityGlobals) = postSolution
		SolutionGuid = {EB11BE54-E983-44F3-9F0A-14E4DBE4BE42}
	EndGlobalSection
EndGlobal
